
Microsoft Visual Studio Solution File, Format Version 12.00
# Visual Studio Version 16
VisualStudioVersion = 16.0.30907.101
MinimumVisualStudioVersion = 10.0.40219.1
Project("{FAE04EC0-301F-11D3-BF4B-00C04F79EFBC}") = "bike-route-planner", "bike-route-planner\bike-route-planner.csproj", "{60EAD029-FAD8-4087-A802-A483F7486ABE}"
EndProject
Global
	GlobalSection(SolutionConfigurationPlatforms) = preSolution
		Debug|Any CPU = Debug|Any CPU
		Release|Any CPU = Release|Any CPU
	EndGlobalSection
	GlobalSection(ProjectConfigurationPlatforms) = postSolution
		{60EAD029-FAD8-4087-A802-A483F7486ABE}.Debug|Any CPU.ActiveCfg = Debug|Any CPU
		{60EAD029-FAD8-4087-A802-A483F7486ABE}.Debug|Any CPU.Build.0 = Debug|Any CPU
		{60EAD029-FAD8-4087-A802-A483F7486ABE}.Release|Any CPU.ActiveCfg = Release|Any CPU
		{60EAD029-FAD8-4087-A802-A483F7486ABE}.Release|Any CPU.Build.0 = Release|Any CPU
	EndGlobalSection
	GlobalSection(SolutionProperties) = preSolution
		HideSolutionNode = FALSE
	EndGlobalSection
	GlobalSection(ExtensibilityGlobals) = postSolution
		SolutionGuid = {1BBD60AD-F920-477D-9254-6A70AA098382}
	EndGlobalSection
EndGlobal
